// !$*UTF8*$!
{
	archiveVersion = 1;
	classes = {
	};
	objectVersion = 46;
	objects = {

/* Begin PBXBuildFile section */
		2CC2637B18BCE5385CE6DD9D /* Pods_FQLKitTests.framework in Frameworks */ = {isa = PBXBuildFile; fileRef = 0FA0955437E6E681C5C5AB63 /* Pods_FQLKitTests.framework */; settings = {ATTRIBUTES = (Weak, ); }; };
		E5ED72001B863EE80051FCA6 /* AppDelegate.swift in Sources */ = {isa = PBXBuildFile; fileRef = E5ED71FF1B863EE80051FCA6 /* AppDelegate.swift */; };
		E5ED72021B863EE80051FCA6 /* ViewController.swift in Sources */ = {isa = PBXBuildFile; fileRef = E5ED72011B863EE80051FCA6 /* ViewController.swift */; };
		E5ED72051B863EE80051FCA6 /* Main.storyboard in Resources */ = {isa = PBXBuildFile; fileRef = E5ED72031B863EE80051FCA6 /* Main.storyboard */; };
		E5ED72071B863EE80051FCA6 /* Images.xcassets in Resources */ = {isa = PBXBuildFile; fileRef = E5ED72061B863EE80051FCA6 /* Images.xcassets */; };
		E5ED720A1B863EE80051FCA6 /* LaunchScreen.xib in Resources */ = {isa = PBXBuildFile; fileRef = E5ED72081B863EE80051FCA6 /* LaunchScreen.xib */; };
		E5ED72161B863EE80051FCA6 /* FQLKitTests.swift in Sources */ = {isa = PBXBuildFile; fileRef = E5ED72151B863EE80051FCA6 /* FQLKitTests.swift */; };
		F1C68347ED8C42A3037AE7C4 /* Pods_FQLKit.framework in Frameworks */ = {isa = PBXBuildFile; fileRef = 2F9F479C842C55E2FB3BD476 /* Pods_FQLKit.framework */; settings = {ATTRIBUTES = (Weak, ); }; };
/* End PBXBuildFile section */

/* Begin PBXContainerItemProxy section */
		E5ED72101B863EE80051FCA6 /* PBXContainerItemProxy */ = {
			isa = PBXContainerItemProxy;
			containerPortal = E5ED71F21B863EE80051FCA6 /* Project object */;
			proxyType = 1;
			remoteGlobalIDString = E5ED71F91B863EE80051FCA6;
			remoteInfo = FQLKit;
		};
/* End PBXContainerItemProxy section */

/* Begin PBXFileReference section */
		0FA0955437E6E681C5C5AB63 /* Pods_FQLKitTests.framework */ = {isa = PBXFileReference; explicitFileType = wrapper.framework; includeInIndex = 0; path = Pods_FQLKitTests.framework; sourceTree = BUILT_PRODUCTS_DIR; };
		2F9F479C842C55E2FB3BD476 /* Pods_FQLKit.framework */ = {isa = PBXFileReference; explicitFileType = wrapper.framework; includeInIndex = 0; path = Pods_FQLKit.framework; sourceTree = BUILT_PRODUCTS_DIR; };
		3D43D9377E9B34148431CF59 /* Pods-FQLKitTests.debug.xcconfig */ = {isa = PBXFileReference; includeInIndex = 1; lastKnownFileType = text.xcconfig; name = "Pods-FQLKitTests.debug.xcconfig"; path = "Pods/Target Support Files/Pods-FQLKitTests/Pods-FQLKitTests.debug.xcconfig"; sourceTree = "<group>"; };
		A5666071874C2AA14C88AD94 /* Pods-FQLKit.release.xcconfig */ = {isa = PBXFileReference; includeInIndex = 1; lastKnownFileType = text.xcconfig; name = "Pods-FQLKit.release.xcconfig"; path = "Pods/Target Support Files/Pods-FQLKit/Pods-FQLKit.release.xcconfig"; sourceTree = "<group>"; };
		DEA8B8CD2050D0183C151660 /* Pods-FQLKitTests.release.xcconfig */ = {isa = PBXFileReference; includeInIndex = 1; lastKnownFileType = text.xcconfig; name = "Pods-FQLKitTests.release.xcconfig"; path = "Pods/Target Support Files/Pods-FQLKitTests/Pods-FQLKitTests.release.xcconfig"; sourceTree = "<group>"; };
		E5ED71FA1B863EE80051FCA6 /* FQLKit.app */ = {isa = PBXFileReference; explicitFileType = wrapper.application; includeInIndex = 0; path = FQLKit.app; sourceTree = BUILT_PRODUCTS_DIR; };
		E5ED71FE1B863EE80051FCA6 /* Info.plist */ = {isa = PBXFileReference; lastKnownFileType = text.plist.xml; path = Info.plist; sourceTree = "<group>"; };
		E5ED71FF1B863EE80051FCA6 /* AppDelegate.swift */ = {isa = PBXFileReference; lastKnownFileType = sourcecode.swift; path = AppDelegate.swift; sourceTree = "<group>"; };
		E5ED72011B863EE80051FCA6 /* ViewController.swift */ = {isa = PBXFileReference; lastKnownFileType = sourcecode.swift; path = ViewController.swift; sourceTree = "<group>"; };
		E5ED72041B863EE80051FCA6 /* Base */ = {isa = PBXFileReference; lastKnownFileType = file.storyboard; name = Base; path = Base.lproj/Main.storyboard; sourceTree = "<group>"; };
		E5ED72061B863EE80051FCA6 /* Images.xcassets */ = {isa = PBXFileReference; lastKnownFileType = folder.assetcatalog; path = Images.xcassets; sourceTree = "<group>"; };
		E5ED72091B863EE80051FCA6 /* Base */ = {isa = PBXFileReference; lastKnownFileType = file.xib; name = Base; path = Base.lproj/LaunchScreen.xib; sourceTree = "<group>"; };
		E5ED720F1B863EE80051FCA6 /* FQLKitTests.xctest */ = {isa = PBXFileReference; explicitFileType = wrapper.cfbundle; includeInIndex = 0; path = FQLKitTests.xctest; sourceTree = BUILT_PRODUCTS_DIR; };
		E5ED72141B863EE80051FCA6 /* Info.plist */ = {isa = PBXFileReference; lastKnownFileType = text.plist.xml; path = Info.plist; sourceTree = "<group>"; };
		E5ED72151B863EE80051FCA6 /* FQLKitTests.swift */ = {isa = PBXFileReference; lastKnownFileType = sourcecode.swift; path = FQLKitTests.swift; sourceTree = "<group>"; };
		FF87C554073B56095170AEF0 /* Pods-FQLKit.debug.xcconfig */ = {isa = PBXFileReference; includeInIndex = 1; lastKnownFileType = text.xcconfig; name = "Pods-FQLKit.debug.xcconfig"; path = "Pods/Target Support Files/Pods-FQLKit/Pods-FQLKit.debug.xcconfig"; sourceTree = "<group>"; };
/* End PBXFileReference section */

/* Begin PBXFrameworksBuildPhase section */
		E5ED71F71B863EE80051FCA6 /* Frameworks */ = {
			isa = PBXFrameworksBuildPhase;
			buildActionMask = 2147483647;
			files = (
				F1C68347ED8C42A3037AE7C4 /* Pods_FQLKit.framework in Frameworks */,
			);
			runOnlyForDeploymentPostprocessing = 0;
		};
		E5ED720C1B863EE80051FCA6 /* Frameworks */ = {
			isa = PBXFrameworksBuildPhase;
			buildActionMask = 2147483647;
			files = (
				2CC2637B18BCE5385CE6DD9D /* Pods_FQLKitTests.framework in Frameworks */,
			);
			runOnlyForDeploymentPostprocessing = 0;
		};
/* End PBXFrameworksBuildPhase section */

/* Begin PBXGroup section */
		4E206D27658F900EC440E65B /* Frameworks */ = {
			isa = PBXGroup;
			children = (
				2F9F479C842C55E2FB3BD476 /* Pods_FQLKit.framework */,
				0FA0955437E6E681C5C5AB63 /* Pods_FQLKitTests.framework */,
			);
			name = Frameworks;
			sourceTree = "<group>";
		};
		B661ECBE8C424B610B7B7589 /* Pods */ = {
			isa = PBXGroup;
			children = (
				FF87C554073B56095170AEF0 /* Pods-FQLKit.debug.xcconfig */,
				A5666071874C2AA14C88AD94 /* Pods-FQLKit.release.xcconfig */,
				3D43D9377E9B34148431CF59 /* Pods-FQLKitTests.debug.xcconfig */,
				DEA8B8CD2050D0183C151660 /* Pods-FQLKitTests.release.xcconfig */,
			);
			name = Pods;
			sourceTree = "<group>";
		};
		E5ED71F11B863EE80051FCA6 = {
			isa = PBXGroup;
			children = (
				E5ED71FC1B863EE80051FCA6 /* FQLKit */,
				E5ED72121B863EE80051FCA6 /* FQLKitTests */,
				E5ED71FB1B863EE80051FCA6 /* Products */,
				B661ECBE8C424B610B7B7589 /* Pods */,
				4E206D27658F900EC440E65B /* Frameworks */,
			);
			sourceTree = "<group>";
		};
		E5ED71FB1B863EE80051FCA6 /* Products */ = {
			isa = PBXGroup;
			children = (
				E5ED71FA1B863EE80051FCA6 /* FQLKit.app */,
				E5ED720F1B863EE80051FCA6 /* FQLKitTests.xctest */,
			);
			name = Products;
			sourceTree = "<group>";
		};
		E5ED71FC1B863EE80051FCA6 /* FQLKit */ = {
			isa = PBXGroup;
			children = (
				E5ED71FF1B863EE80051FCA6 /* AppDelegate.swift */,
				E5ED72011B863EE80051FCA6 /* ViewController.swift */,
				E5ED72031B863EE80051FCA6 /* Main.storyboard */,
				E5ED72061B863EE80051FCA6 /* Images.xcassets */,
				E5ED72081B863EE80051FCA6 /* LaunchScreen.xib */,
				E5ED71FD1B863EE80051FCA6 /* Supporting Files */,
			);
			path = FQLKit;
			sourceTree = "<group>";
		};
		E5ED71FD1B863EE80051FCA6 /* Supporting Files */ = {
			isa = PBXGroup;
			children = (
				E5ED71FE1B863EE80051FCA6 /* Info.plist */,
			);
			name = "Supporting Files";
			sourceTree = "<group>";
		};
		E5ED72121B863EE80051FCA6 /* FQLKitTests */ = {
			isa = PBXGroup;
			children = (
				E5ED72151B863EE80051FCA6 /* FQLKitTests.swift */,
				E5ED72131B863EE80051FCA6 /* Supporting Files */,
			);
			path = FQLKitTests;
			sourceTree = "<group>";
		};
		E5ED72131B863EE80051FCA6 /* Supporting Files */ = {
			isa = PBXGroup;
			children = (
				E5ED72141B863EE80051FCA6 /* Info.plist */,
			);
			name = "Supporting Files";
			sourceTree = "<group>";
		};
/* End PBXGroup section */

/* Begin PBXNativeTarget section */
		E5ED71F91B863EE80051FCA6 /* FQLKit */ = {
			isa = PBXNativeTarget;
			buildConfigurationList = E5ED72191B863EE80051FCA6 /* Build configuration list for PBXNativeTarget "FQLKit" */;
			buildPhases = (
				8B455BC8D229C35B6F5EDB46 /* Check Pods Manifest.lock */,
				E5ED71F61B863EE80051FCA6 /* Sources */,
				E5ED71F71B863EE80051FCA6 /* Frameworks */,
				E5ED71F81B863EE80051FCA6 /* Resources */,
				558A2131C70E1301D039AD78 /* Copy Pods Resources */,
				8C5E6FDC987A3ED72A2E305F /* Embed Pods Frameworks */,
			);
			buildRules = (
			);
			dependencies = (
			);
			name = FQLKit;
			productName = FQLKit;
			productReference = E5ED71FA1B863EE80051FCA6 /* FQLKit.app */;
			productType = "com.apple.product-type.application";
		};
		E5ED720E1B863EE80051FCA6 /* FQLKitTests */ = {
			isa = PBXNativeTarget;
			buildConfigurationList = E5ED721C1B863EE80051FCA6 /* Build configuration list for PBXNativeTarget "FQLKitTests" */;
			buildPhases = (
				CA7D6B19E0EC11A9B6364017 /* Check Pods Manifest.lock */,
				E5ED720B1B863EE80051FCA6 /* Sources */,
				E5ED720C1B863EE80051FCA6 /* Frameworks */,
				E5ED720D1B863EE80051FCA6 /* Resources */,
				AEAFC6100F40D8C4C947455B /* Copy Pods Resources */,
				D54AB3437C87011D433CB8C2 /* Embed Pods Frameworks */,
			);
			buildRules = (
			);
			dependencies = (
				E5ED72111B863EE80051FCA6 /* PBXTargetDependency */,
			);
			name = FQLKitTests;
			productName = FQLKitTests;
			productReference = E5ED720F1B863EE80051FCA6 /* FQLKitTests.xctest */;
			productType = "com.apple.product-type.bundle.unit-test";
		};
/* End PBXNativeTarget section */

/* Begin PBXProject section */
		E5ED71F21B863EE80051FCA6 /* Project object */ = {
			isa = PBXProject;
			attributes = {
				LastUpgradeCheck = 0640;
				ORGANIZATIONNAME = "Zian Mobile Development";
				TargetAttributes = {
					E5ED71F91B863EE80051FCA6 = {
						CreatedOnToolsVersion = 6.4;
					};
					E5ED720E1B863EE80051FCA6 = {
						CreatedOnToolsVersion = 6.4;
						TestTargetID = E5ED71F91B863EE80051FCA6;
					};
				};
			};
			buildConfigurationList = E5ED71F51B863EE80051FCA6 /* Build configuration list for PBXProject "FQLKit" */;
			compatibilityVersion = "Xcode 3.2";
			developmentRegion = English;
			hasScannedForEncodings = 0;
			knownRegions = (
				en,
				Base,
			);
			mainGroup = E5ED71F11B863EE80051FCA6;
			productRefGroup = E5ED71FB1B863EE80051FCA6 /* Products */;
			projectDirPath = "";
			projectRoot = "";
			targets = (
				E5ED71F91B863EE80051FCA6 /* FQLKit */,
				E5ED720E1B863EE80051FCA6 /* FQLKitTests */,
			);
		};
/* End PBXProject section */

/* Begin PBXResourcesBuildPhase section */
		E5ED71F81B863EE80051FCA6 /* Resources */ = {
			isa = PBXResourcesBuildPhase;
			buildActionMask = 2147483647;
			files = (
				E5ED72051B863EE80051FCA6 /* Main.storyboard in Resources */,
				E5ED720A1B863EE80051FCA6 /* LaunchScreen.xib in Resources */,
				E5ED72071B863EE80051FCA6 /* Images.xcassets in Resources */,
			);
			runOnlyForDeploymentPostprocessing = 0;
		};
		E5ED720D1B863EE80051FCA6 /* Resources */ = {
			isa = PBXResourcesBuildPhase;
			buildActionMask = 2147483647;
			files = (
			);
			runOnlyForDeploymentPostprocessing = 0;
		};
/* End PBXResourcesBuildPhase section */

/* Begin PBXShellScriptBuildPhase section */
		558A2131C70E1301D039AD78 /* Copy Pods Resources */ = {
			isa = PBXShellScriptBuildPhase;
			buildActionMask = 2147483647;
			files = (
			);
			inputPaths = (
			);
			name = "Copy Pods Resources";
			outputPaths = (
			);
			runOnlyForDeploymentPostprocessing = 0;
			shellPath = /bin/sh;
			shellScript = "\"${SRCROOT}/Pods/Target Support Files/Pods-FQLKit/Pods-FQLKit-resources.sh\"\n";
			showEnvVarsInLog = 0;
		};
		8B455BC8D229C35B6F5EDB46 /* Check Pods Manifest.lock */ = {
			isa = PBXShellScriptBuildPhase;
			buildActionMask = 2147483647;
			files = (
			);
			inputPaths = (
			);
			name = "Check Pods Manifest.lock";
			outputPaths = (
			);
			runOnlyForDeploymentPostprocessing = 0;
			shellPath = /bin/sh;
			shellScript = "diff \"${PODS_ROOT}/../Podfile.lock\" \"${PODS_ROOT}/Manifest.lock\" > /dev/null\nif [[ $? != 0 ]] ; then\n    cat << EOM\nerror: The sandbox is not in sync with the Podfile.lock. Run 'pod install' or update your CocoaPods installation.\nEOM\n    exit 1\nfi\n";
			showEnvVarsInLog = 0;
		};
		8C5E6FDC987A3ED72A2E305F /* Embed Pods Frameworks */ = {
			isa = PBXShellScriptBuildPhase;
			buildActionMask = 2147483647;
			files = (
			);
			inputPaths = (
			);
			name = "Embed Pods Frameworks";
			outputPaths = (
			);
			runOnlyForDeploymentPostprocessing = 0;
			shellPath = /bin/sh;
			shellScript = "\"${SRCROOT}/Pods/Target Support Files/Pods-FQLKit/Pods-FQLKit-frameworks.sh\"\n";
			showEnvVarsInLog = 0;
		};
		AEAFC6100F40D8C4C947455B /* Copy Pods Resources */ = {
			isa = PBXShellScriptBuildPhase;
			buildActionMask = 2147483647;
			files = (
			);
			inputPaths = (
			);
			name = "Copy Pods Resources";
			outputPaths = (
			);
			runOnlyForDeploymentPostprocessing = 0;
			shellPath = /bin/sh;
			shellScript = "\"${SRCROOT}/Pods/Target Support Files/Pods-FQLKitTests/Pods-FQLKitTests-resources.sh\"\n";
			showEnvVarsInLog = 0;
		};
		CA7D6B19E0EC11A9B6364017 /* Check Pods Manifest.lock */ = {
			isa = PBXShellScriptBuildPhase;
			buildActionMask = 2147483647;
			files = (
			);
			inputPaths = (
			);
			name = "Check Pods Manifest.lock";
			outputPaths = (
			);
			runOnlyForDeploymentPostprocessing = 0;
			shellPath = /bin/sh;
			shellScript = "diff \"${PODS_ROOT}/../Podfile.lock\" \"${PODS_ROOT}/Manifest.lock\" > /dev/null\nif [[ $? != 0 ]] ; then\n    cat << EOM\nerror: The sandbox is not in sync with the Podfile.lock. Run 'pod install' or update your CocoaPods installation.\nEOM\n    exit 1\nfi\n";
			showEnvVarsInLog = 0;
		};
		D54AB3437C87011D433CB8C2 /* Embed Pods Frameworks */ = {
			isa = PBXShellScriptBuildPhase;
			buildActionMask = 2147483647;
			files = (
			);
			inputPaths = (
			);
			name = "Embed Pods Frameworks";
			outputPaths = (
			);
			runOnlyForDeploymentPostprocessing = 0;
			shellPath = /bin/sh;
			shellScript = "\"${SRCROOT}/Pods/Target Support Files/Pods-FQLKitTests/Pods-FQLKitTests-frameworks.sh\"\n";
			showEnvVarsInLog = 0;
		};
/* End PBXShellScriptBuildPhase section */

/* Begin PBXSourcesBuildPhase section */
		E5ED71F61B863EE80051FCA6 /* Sources */ = {
			isa = PBXSourcesBuildPhase;
			buildActionMask = 2147483647;
			files = (
				E5ED72021B863EE80051FCA6 /* ViewController.swift in Sources */,
				E5ED72001B863EE80051FCA6 /* AppDelegate.swift in Sources */,
			);
			runOnlyForDeploymentPostprocessing = 0;
		};
		E5ED720B1B863EE80051FCA6 /* Sources */ = {
			isa = PBXSourcesBuildPhase;
			buildActionMask = 2147483647;
			files = (
				E5ED72161B863EE80051FCA6 /* FQLKitTests.swift in Sources */,
			);
			runOnlyForDeploymentPostprocessing = 0;
		};
/* End PBXSourcesBuildPhase section */

/* Begin PBXTargetDependency section */
		E5ED72111B863EE80051FCA6 /* PBXTargetDependency */ = {
			isa = PBXTargetDependency;
			target = E5ED71F91B863EE80051FCA6 /* FQLKit */;
			targetProxy = E5ED72101B863EE80051FCA6 /* PBXContainerItemProxy */;
		};
/* End PBXTargetDependency section */

/* Begin PBXVariantGroup section */
		E5ED72031B863EE80051FCA6 /* Main.storyboard */ = {
			isa = PBXVariantGroup;
			children = (
				E5ED72041B863EE80051FCA6 /* Base */,
			);
			name = Main.storyboard;
			sourceTree = "<group>";
		};
		E5ED72081B863EE80051FCA6 /* LaunchScreen.xib */ = {
			isa = PBXVariantGroup;
			children = (
				E5ED72091B863EE80051FCA6 /* Base */,
			);
			name = LaunchScreen.xib;
			sourceTree = "<group>";
		};
/* End PBXVariantGroup section */

/* Begin XCBuildConfiguration section */
		E5ED72171B863EE80051FCA6 /* Debug */ = {
			isa = XCBuildConfiguration;
			buildSettings = {
				ALWAYS_SEARCH_USER_PATHS = NO;
				CLANG_CXX_LANGUAGE_STANDARD = "gnu++0x";
				CLANG_CXX_LIBRARY = "libc++";
				CLANG_ENABLE_MODULES = YES;
				CLANG_ENABLE_OBJC_ARC = YES;
				CLANG_WARN_BOOL_CONVERSION = YES;
				CLANG_WARN_CONSTANT_CONVERSION = YES;
				CLANG_WARN_DIRECT_OBJC_ISA_USAGE = YES_ERROR;
				CLANG_WARN_EMPTY_BODY = YES;
				CLANG_WARN_ENUM_CONVERSION = YES;
				CLANG_WARN_INT_CONVERSION = YES;
				CLANG_WARN_OBJC_ROOT_CLASS = YES_ERROR;
				CLANG_WARN_UNREACHABLE_CODE = YES;
				CLANG_WARN__DUPLICATE_METHOD_MATCH = YES;
				"CODE_SIGN_IDENTITY[sdk=iphoneos*]" = "iPhone Developer";
				COPY_PHASE_STRIP = NO;
				DEBUG_INFORMATION_FORMAT = "dwarf-with-dsym";
				ENABLE_STRICT_OBJC_MSGSEND = YES;
				GCC_C_LANGUAGE_STANDARD = gnu99;
				GCC_DYNAMIC_NO_PIC = NO;
				GCC_NO_COMMON_BLOCKS = YES;
				GCC_OPTIMIZATION_LEVEL = 0;
				GCC_PREPROCESSOR_DEFINITIONS = (
					"DEBUG=1",
					"$(inherited)",
				);
				GCC_SYMBOLS_PRIVATE_EXTERN = NO;
				GCC_WARN_64_TO_32_BIT_CONVERSION = YES;
				GCC_WARN_ABOUT_RETURN_TYPE = YES_ERROR;
				GCC_WARN_UNDECLARED_SELECTOR = YES;
				GCC_WARN_UNINITIALIZED_AUTOS = YES_AGGRESSIVE;
				GCC_WARN_UNUSED_FUNCTION = YES;
				GCC_WARN_UNUSED_VARIABLE = YES;
				IPHONEOS_DEPLOYMENT_TARGET = 8.4;
				MTL_ENABLE_DEBUG_INFO = YES;
				ONLY_ACTIVE_ARCH = YES;
				SDKROOT = iphoneos;
				SWIFT_OPTIMIZATION_LEVEL = "-Onone";
				TARGETED_DEVICE_FAMILY = "1,2";
			};
			name = Debug;
		};
		E5ED72181B863EE80051FCA6 /* Release */ = {
			isa = XCBuildConfiguration;
			buildSettings = {
				ALWAYS_SEARCH_USER_PATHS = NO;
				CLANG_CXX_LANGUAGE_STANDARD = "gnu++0x";
				CLANG_CXX_LIBRARY = "libc++";
				CLANG_ENABLE_MODULES = YES;
				CLANG_ENABLE_OBJC_ARC = YES;
				CLANG_WARN_BOOL_CONVERSION = YES;
				CLANG_WARN_CONSTANT_CONVERSION = YES;
				CLANG_WARN_DIRECT_OBJC_ISA_USAGE = YES_ERROR;
				CLANG_WARN_EMPTY_BODY = YES;
				CLANG_WARN_ENUM_CONVERSION = YES;
				CLANG_WARN_INT_CONVERSION = YES;
				CLANG_WARN_OBJC_ROOT_CLASS = YES_ERROR;
				CLANG_WARN_UNREACHABLE_CODE = YES;
				CLANG_WARN__DUPLICATE_METHOD_MATCH = YES;
				"CODE_SIGN_IDENTITY[sdk=iphoneos*]" = "iPhone Developer";
				COPY_PHASE_STRIP = NO;
				DEBUG_INFORMATION_FORMAT = "dwarf-with-dsym";
				ENABLE_NS_ASSERTIONS = NO;
				ENABLE_STRICT_OBJC_MSGSEND = YES;
				GCC_C_LANGUAGE_STANDARD = gnu99;
				GCC_NO_COMMON_BLOCKS = YES;
				GCC_WARN_64_TO_32_BIT_CONVERSION = YES;
				GCC_WARN_ABOUT_RETURN_TYPE = YES_ERROR;
				GCC_WARN_UNDECLARED_SELECTOR = YES;
				GCC_WARN_UNINITIALIZED_AUTOS = YES_AGGRESSIVE;
				GCC_WARN_UNUSED_FUNCTION = YES;
				GCC_WARN_UNUSED_VARIABLE = YES;
				IPHONEOS_DEPLOYMENT_TARGET = 8.4;
				MTL_ENABLE_DEBUG_INFO = NO;
				SDKROOT = iphoneos;
				TARGETED_DEVICE_FAMILY = "1,2";
				VALIDATE_PRODUCT = YES;
			};
			name = Release;
		};
		E5ED721A1B863EE80051FCA6 /* Debug */ = {
			isa = XCBuildConfiguration;
			baseConfigurationReference = FF87C554073B56095170AEF0 /* Pods-FQLKit.debug.xcconfig */;
			buildSettings = {
				ASSETCATALOG_COMPILER_APPICON_NAME = AppIcon;
				INFOPLIST_FILE = FQLKit/Info.plist;
				LD_RUNPATH_SEARCH_PATHS = "$(inherited) @executable_path/Frameworks";
				PRODUCT_NAME = "$(TARGET_NAME)";
			};
			name = Debug;
		};
		E5ED721B1B863EE80051FCA6 /* Release */ = {
			isa = XCBuildConfiguration;
			baseConfigurationReference = A5666071874C2AA14C88AD94 /* Pods-FQLKit.release.xcconfig */;
			buildSettings = {
				ASSETCATALOG_COMPILER_APPICON_NAME = AppIcon;
				INFOPLIST_FILE = FQLKit/Info.plist;
				LD_RUNPATH_SEARCH_PATHS = "$(inherited) @executable_path/Frameworks";
				PRODUCT_NAME = "$(TARGET_NAME)";
			};
			name = Release;
		};
		E5ED721D1B863EE80051FCA6 /* Debug */ = {
			isa = XCBuildConfiguration;
			baseConfigurationReference = 3D43D9377E9B34148431CF59 /* Pods-FQLKitTests.debug.xcconfig */;
			buildSettings = {
				BUNDLE_LOADER = "$(TEST_HOST)";
				FRAMEWORK_SEARCH_PATHS = (
					"$(SDKROOT)/Developer/Library/Frameworks",
					"$(inherited)",
				);
				GCC_PREPROCESSOR_DEFINITIONS = (
					"DEBUG=1",
					"$(inherited)",
				);
				INFOPLIST_FILE = FQLKitTests/Info.plist;
				LD_RUNPATH_SEARCH_PATHS = "$(inherited) @executable_path/Frameworks @loader_path/Frameworks";
				PRODUCT_NAME = "$(TARGET_NAME)";
				TEST_HOST = "$(BUILT_PRODUCTS_DIR)/FQLKit.app/FQLKit";
			};
			name = Debug;
		};
		E5ED721E1B863EE80051FCA6 /* Release */ = {
			isa = XCBuildConfiguration;
			baseConfigurationReference = DEA8B8CD2050D0183C151660 /* Pods-FQLKitTests.release.xcconfig */;
			buildSettings = {
				BUNDLE_LOADER = "$(TEST_HOST)";
				FRAMEWORK_SEARCH_PATHS = (
					"$(SDKROOT)/Developer/Library/Frameworks",
					"$(inherited)",
				);
				INFOPLIST_FILE = FQLKitTests/Info.plist;
				LD_RUNPATH_SEARCH_PATHS = "$(inherited) @executable_path/Frameworks @loader_path/Frameworks";
				PRODUCT_NAME = "$(TARGET_NAME)";
				TEST_HOST = "$(BUILT_PRODUCTS_DIR)/FQLKit.app/FQLKit";
			};
			name = Release;
		};
/* End XCBuildConfiguration section */

/* Begin XCConfigurationList section */
		E5ED71F51B863EE80051FCA6 /* Build configuration list for PBXProject "FQLKit" */ = {
			isa = XCConfigurationList;
			buildConfigurations = (
				E5ED72171B863EE80051FCA6 /* Debug */,
				E5ED72181B863EE80051FCA6 /* Release */,
			);
			defaultConfigurationIsVisible = 0;
			defaultConfigurationName = Release;
		};
		E5ED72191B863EE80051FCA6 /* Build configuration list for PBXNativeTarget "FQLKit" */ = {
			isa = XCConfigurationList;
			buildConfigurations = (
				E5ED721A1B863EE80051FCA6 /* Debug */,
				E5ED721B1B863EE80051FCA6 /* Release */,
			);
			defaultConfigurationIsVisible = 0;
			defaultConfigurationName = Release;
		};
		E5ED721C1B863EE80051FCA6 /* Build configuration list for PBXNativeTarget "FQLKitTests" */ = {
			isa = XCConfigurationList;
			buildConfigurations = (
				E5ED721D1B863EE80051FCA6 /* Debug */,
				E5ED721E1B863EE80051FCA6 /* Release */,
			);
			defaultConfigurationIsVisible = 0;
			defaultConfigurationName = Release;
		};
/* End XCConfigurationList section */
	};
	rootObject = E5ED71F21B863EE80051FCA6 /* Project object */;
}
